
Microsoft Visual Studio Solution File, Format Version 12.00
# Visual Studio Version 17
VisualStudioVersion = 17.6.33829.357
MinimumVisualStudioVersion = 10.0.40219.1
Project("{FAE04EC0-301F-11D3-BF4B-00C04F79EFBC}") = "List Insert", "List Insert\List Insert.csproj", "{B4BB229E-773C-4E8E-BE21-B9AEE130C362}"
EndProject
Global
	GlobalSection(SolutionConfigurationPlatforms) = preSolution
		Debug|Any CPU = Debug|Any CPU
		Release|Any CPU = Release|Any CPU
	EndGlobalSection
	GlobalSection(ProjectConfigurationPlatforms) = postSolution
		{B4BB229E-773C-4E8E-BE21-B9AEE130C362}.Debug|Any CPU.ActiveCfg = Debug|Any CPU
		{B4BB229E-773C-4E8E-BE21-B9AEE130C362}.Debug|Any CPU.Build.0 = Debug|Any CPU
		{B4BB229E-773C-4E8E-BE21-B9AEE130C362}.Release|Any CPU.ActiveCfg = Release|Any CPU
		{B4BB229E-773C-4E8E-BE21-B9AEE130C362}.Release|Any CPU.Build.0 = Release|Any CPU
	EndGlobalSection
	GlobalSection(SolutionProperties) = preSolution
		HideSolutionNode = FALSE
	EndGlobalSection
	GlobalSection(ExtensibilityGlobals) = postSolution
		SolutionGuid = {54CAF740-1CF5-4F6A-A154-1C9E901C5BA5}
	EndGlobalSection
EndGlobal
